
Microsoft Visual Studio Solution File, Format Version 12.00
# Visual Studio 15
VisualStudioVersion = 15.0.28307.960
MinimumVisualStudioVersion = 10.0.40219.1
Project("{FAE04EC0-301F-11D3-BF4B-00C04F79EFBC}") = "AdminMaster.UI", "AdminMaster.UI\AdminMaster.UI.csproj", "{20A75E8C-0BE6-44C5-9A4C-85667B02B5BD}"
EndProject
Project("{FAE04EC0-301F-11D3-BF4B-00C04F79EFBC}") = "AdminMaster.UI.Tests", "AdminMaster.UI.Tests\AdminMaster.UI.Tests.csproj", "{52C370E7-1F30-46ED-8A6D-E01D435D28F5}"
EndProject
Project("{2150E333-8FDC-42A3-9474-1A3956D46DE8}") = "WebUI", "WebUI", "{A61BD22A-54C2-480E-83B2-8C3366B396A9}"
EndProject
Project("{2150E333-8FDC-42A3-9474-1A3956D46DE8}") = "Model", "Model", "{B950D07C-40A2-4179-8C69-18DD4525B628}"
EndProject
Project("{2150E333-8FDC-42A3-9474-1A3956D46DE8}") = "DataAccess", "DataAccess", "{389878AD-C635-4112-9728-BBA65BECD95F}"
EndProject
Project("{2150E333-8FDC-42A3-9474-1A3956D46DE8}") = "ViewModel", "ViewModel", "{1BA2914E-60A1-4683-97FD-06EC46CDDD33}"
EndProject
Project("{2150E333-8FDC-42A3-9474-1A3956D46DE8}") = "Test", "Test", "{92403B2D-ADEC-48EB-B50D-262EA78C7A54}"
EndProject
Project("{FAE04EC0-301F-11D3-BF4B-00C04F79EFBC}") = "BusinessEntities", "BusinessEntities\BusinessEntities.csproj", "{C9641E0F-4636-47E5-8D9F-B3D578F6E90D}"
EndProject
Project("{FAE04EC0-301F-11D3-BF4B-00C04F79EFBC}") = "BusinessLayer", "BusinessLayer\BusinessLayer.csproj", "{73778A4B-783E-46A8-9E46-70C755975C67}"
EndProject
Project("{FAE04EC0-301F-11D3-BF4B-00C04F79EFBC}") = "DataAccessLayer", "DataAccessLayer\DataAccessLayer.csproj", "{46C6D0C7-A693-4817-A44E-9D30DFF80C5F}"
EndProject
Project("{FAE04EC0-301F-11D3-BF4B-00C04F79EFBC}") = "ViewModels", "ViewModels\ViewModels.csproj", "{279FA72A-396C-4345-BE8A-3916CF42251B}"
EndProject
Project("{2150E333-8FDC-42A3-9474-1A3956D46DE8}") = "Attribute", "Attribute", "{2BB1864A-AB33-4F73-89AD-68A7220B45A0}"
EndProject
Project("{FAE04EC0-301F-11D3-BF4B-00C04F79EFBC}") = "Attributes", "Attributes\Attributes.csproj", "{951304ED-AF21-4BAA-B75C-719E281BF333}"
EndProject
Project("{2150E333-8FDC-42A3-9474-1A3956D46DE8}") = "Common", "Common", "{3F32C9F9-BA0E-4DA0-AEB0-2FC5DFB11074}"
EndProject
Project("{FAE04EC0-301F-11D3-BF4B-00C04F79EFBC}") = "Common", "Common\Common.csproj", "{8B522E84-A1C5-4FBB-8C00-0E0DDA950953}"
EndProject
Project("{FAE04EC0-301F-11D3-BF4B-00C04F79EFBC}") = "IBusinessLayer", "IBusinessLayer\IBusinessLayer.csproj", "{F86843CD-CA44-4BD8-9818-CBB276EE7072}"
EndProject
Project("{2150E333-8FDC-42A3-9474-1A3956D46DE8}") = "ConsoleApp", "ConsoleApp", "{27E6FBA6-86DE-410E-95B5-97EF6EC37A94}"
EndProject
Project("{FAE04EC0-301F-11D3-BF4B-00C04F79EFBC}") = "ConsoleApp1", "ConsoleApp1\ConsoleApp1.csproj", "{38D2DE95-B6EE-40C5-97BF-02D9D73C70AA}"
EndProject
Global
	GlobalSection(SolutionConfigurationPlatforms) = preSolution
		Debug|Any CPU = Debug|Any CPU
		Release|Any CPU = Release|Any CPU
	EndGlobalSection
	GlobalSection(ProjectConfigurationPlatforms) = postSolution
		{20A75E8C-0BE6-44C5-9A4C-85667B02B5BD}.Debug|Any CPU.ActiveCfg = Debug|Any CPU
		{20A75E8C-0BE6-44C5-9A4C-85667B02B5BD}.Debug|Any CPU.Build.0 = Debug|Any CPU
		{20A75E8C-0BE6-44C5-9A4C-85667B02B5BD}.Release|Any CPU.ActiveCfg = Release|Any CPU
		{20A75E8C-0BE6-44C5-9A4C-85667B02B5BD}.Release|Any CPU.Build.0 = Release|Any CPU
		{52C370E7-1F30-46ED-8A6D-E01D435D28F5}.Debug|Any CPU.ActiveCfg = Debug|Any CPU
		{52C370E7-1F30-46ED-8A6D-E01D435D28F5}.Debug|Any CPU.Build.0 = Debug|Any CPU
		{52C370E7-1F30-46ED-8A6D-E01D435D28F5}.Release|Any CPU.ActiveCfg = Release|Any CPU
		{52C370E7-1F30-46ED-8A6D-E01D435D28F5}.Release|Any CPU.Build.0 = Release|Any CPU
		{C9641E0F-4636-47E5-8D9F-B3D578F6E90D}.Debug|Any CPU.ActiveCfg = Debug|Any CPU
		{C9641E0F-4636-47E5-8D9F-B3D578F6E90D}.Debug|Any CPU.Build.0 = Debug|Any CPU
		{C9641E0F-4636-47E5-8D9F-B3D578F6E90D}.Release|Any CPU.ActiveCfg = Release|Any CPU
		{C9641E0F-4636-47E5-8D9F-B3D578F6E90D}.Release|Any CPU.Build.0 = Release|Any CPU
		{73778A4B-783E-46A8-9E46-70C755975C67}.Debug|Any CPU.ActiveCfg = Debug|Any CPU
		{73778A4B-783E-46A8-9E46-70C755975C67}.Debug|Any CPU.Build.0 = Debug|Any CPU
		{73778A4B-783E-46A8-9E46-70C755975C67}.Release|Any CPU.ActiveCfg = Release|Any CPU
		{73778A4B-783E-46A8-9E46-70C755975C67}.Release|Any CPU.Build.0 = Release|Any CPU
		{46C6D0C7-A693-4817-A44E-9D30DFF80C5F}.Debug|Any CPU.ActiveCfg = Debug|Any CPU
		{46C6D0C7-A693-4817-A44E-9D30DFF80C5F}.Debug|Any CPU.Build.0 = Debug|Any CPU
		{46C6D0C7-A693-4817-A44E-9D30DFF80C5F}.Release|Any CPU.ActiveCfg = Release|Any CPU
		{46C6D0C7-A693-4817-A44E-9D30DFF80C5F}.Release|Any CPU.Build.0 = Release|Any CPU
		{279FA72A-396C-4345-BE8A-3916CF42251B}.Debug|Any CPU.ActiveCfg = Debug|Any CPU
		{279FA72A-396C-4345-BE8A-3916CF42251B}.Debug|Any CPU.Build.0 = Debug|Any CPU
		{279FA72A-396C-4345-BE8A-3916CF42251B}.Release|Any CPU.ActiveCfg = Release|Any CPU
		{279FA72A-396C-4345-BE8A-3916CF42251B}.Release|Any CPU.Build.0 = Release|Any CPU
		{951304ED-AF21-4BAA-B75C-719E281BF333}.Debug|Any CPU.ActiveCfg = Debug|Any CPU
		{951304ED-AF21-4BAA-B75C-719E281BF333}.Debug|Any CPU.Build.0 = Debug|Any CPU
		{951304ED-AF21-4BAA-B75C-719E281BF333}.Release|Any CPU.ActiveCfg = Release|Any CPU
		{951304ED-AF21-4BAA-B75C-719E281BF333}.Release|Any CPU.Build.0 = Release|Any CPU
		{8B522E84-A1C5-4FBB-8C00-0E0DDA950953}.Debug|Any CPU.ActiveCfg = Debug|Any CPU
		{8B522E84-A1C5-4FBB-8C00-0E0DDA950953}.Debug|Any CPU.Build.0 = Debug|Any CPU
		{8B522E84-A1C5-4FBB-8C00-0E0DDA950953}.Release|Any CPU.ActiveCfg = Release|Any CPU
		{8B522E84-A1C5-4FBB-8C00-0E0DDA950953}.Release|Any CPU.Build.0 = Release|Any CPU
		{F86843CD-CA44-4BD8-9818-CBB276EE7072}.Debug|Any CPU.ActiveCfg = Debug|Any CPU
		{F86843CD-CA44-4BD8-9818-CBB276EE7072}.Debug|Any CPU.Build.0 = Debug|Any CPU
		{F86843CD-CA44-4BD8-9818-CBB276EE7072}.Release|Any CPU.ActiveCfg = Release|Any CPU
		{F86843CD-CA44-4BD8-9818-CBB276EE7072}.Release|Any CPU.Build.0 = Release|Any CPU
		{38D2DE95-B6EE-40C5-97BF-02D9D73C70AA}.Debug|Any CPU.ActiveCfg = Debug|Any CPU
		{38D2DE95-B6EE-40C5-97BF-02D9D73C70AA}.Debug|Any CPU.Build.0 = Debug|Any CPU
		{38D2DE95-B6EE-40C5-97BF-02D9D73C70AA}.Release|Any CPU.ActiveCfg = Release|Any CPU
		{38D2DE95-B6EE-40C5-97BF-02D9D73C70AA}.Release|Any CPU.Build.0 = Release|Any CPU
	EndGlobalSection
	GlobalSection(SolutionProperties) = preSolution
		HideSolutionNode = FALSE
	EndGlobalSection
	GlobalSection(NestedProjects) = preSolution
		{20A75E8C-0BE6-44C5-9A4C-85667B02B5BD} = {A61BD22A-54C2-480E-83B2-8C3366B396A9}
		{52C370E7-1F30-46ED-8A6D-E01D435D28F5} = {92403B2D-ADEC-48EB-B50D-262EA78C7A54}
		{C9641E0F-4636-47E5-8D9F-B3D578F6E90D} = {B950D07C-40A2-4179-8C69-18DD4525B628}
		{73778A4B-783E-46A8-9E46-70C755975C67} = {B950D07C-40A2-4179-8C69-18DD4525B628}
		{46C6D0C7-A693-4817-A44E-9D30DFF80C5F} = {389878AD-C635-4112-9728-BBA65BECD95F}
		{279FA72A-396C-4345-BE8A-3916CF42251B} = {1BA2914E-60A1-4683-97FD-06EC46CDDD33}
		{951304ED-AF21-4BAA-B75C-719E281BF333} = {2BB1864A-AB33-4F73-89AD-68A7220B45A0}
		{8B522E84-A1C5-4FBB-8C00-0E0DDA950953} = {3F32C9F9-BA0E-4DA0-AEB0-2FC5DFB11074}
		{F86843CD-CA44-4BD8-9818-CBB276EE7072} = {B950D07C-40A2-4179-8C69-18DD4525B628}
		{38D2DE95-B6EE-40C5-97BF-02D9D73C70AA} = {27E6FBA6-86DE-410E-95B5-97EF6EC37A94}
	EndGlobalSection
	GlobalSection(ExtensibilityGlobals) = postSolution
		SolutionGuid = {E3BB8A0B-DD57-4660-9D88-F069DC45AF7E}
	EndGlobalSection
EndGlobal
